version = 1
revision = 3
requires-python = ">=3.13"

[[package]]
name = "asgiref"
version = "3.11.0"
source = { registry = "https://pypi.org/simple" }
sdist = { url = "https://files.pythonhosted.org/packages/76/b9/4db2509eabd14b4a8c71d1b24c8d5734c52b8560a7b1e1a8b56c8d25568b/asgiref-3.11.0.tar.gz", hash = "sha256:13acff32519542a1736223fb79a715acdebe24286d98e8b164a73085f40da2c4", size = 37969, upload-time = "2025-11-19T15:32:20.106Z" }
wheels = [
    { url = "https://files.pythonhosted.org/packages/91/be/317c2c55b8bbec407257d45f5c8d1b6867abc76d12043f2d3d58c538a4ea/asgiref-3.11.0-py3-none-any.whl", hash = "sha256:1db9021efadb0d9512ce8ffaf72fcef601c7b73a8807a1bb2ef143dc6b14846d", size = 24096, upload-time = "2025-11-19T15:32:19.004Z" },
]

[[package]]
name = "django"
version = "5.1.9"
source = { registry = "https://pypi.org/simple" }
dependencies = [
    { name = "asgiref" },
    { name = "sqlparse" },
    { name = "tzdata", marker = "sys_platform == 'win32'" },
]
sdist = { url = "https://files.pythonhosted.org/packages/10/08/2e6f05494b3fc0a3c53736846034f882b82ee6351791a7815bbb45715d79/django-5.1.9.tar.gz", hash = "sha256:565881bdd0eb67da36442e9ac788bda90275386b549070d70aee86327781a4fc", size = 10710887, upload-time = "2025-05-07T14:06:45.257Z" }
wheels = [
    { url = "https://files.pythonhosted.org/packages/e1/d1/d8b6b8250b84380d5a123e099ad3298a49407d81598faa13b43a2c6d96d7/django-5.1.9-py3-none-any.whl", hash = "sha256:2fd1d4a0a66a5ba702699eb692e75b0d828b73cc2f4e1fc4b6a854a918967411", size = 8277363, upload-time = "2025-05-07T14:06:37.426Z" },
]

[[package]]
name = "django-filter"
version = "25.1"
source = { registry = "https://pypi.org/simple" }
dependencies = [
    { name = "django" },
]
sdist = { url = "https://files.pythonhosted.org/packages/b5/40/c702a6fe8cccac9bf426b55724ebdf57d10a132bae80a17691d0cf0b9bac/django_filter-25.1.tar.gz", hash = "sha256:1ec9eef48fa8da1c0ac9b411744b16c3f4c31176c867886e4c48da369c407153", size = 143021, upload-time = "2025-02-14T16:30:53.238Z" }
wheels = [
    { url = "https://files.pythonhosted.org/packages/07/a6/70dcd68537c434ba7cb9277d403c5c829caf04f35baf5eb9458be251e382/django_filter-25.1-py3-none-any.whl", hash = "sha256:4fa48677cf5857b9b1347fed23e355ea792464e0fe07244d1fdfb8a806215b80", size = 94114, upload-time = "2025-02-14T16:30:50.435Z" },
]

[[package]]
name = "django-multi-tenant"
version = "0.1.0"
source = { virtual = "." }
dependencies = [
    { name = "django" },
    { name = "django-filter" },
    { name = "django-tenant-users" },
    { name = "django-tenants" },
    { name = "djangorestframework" },
    { name = "markdown" },
    { name = "psycopg2-binary" },
    { name = "python-dotenv" },
    { name = "whitenoise" },
]

[package.metadata]
requires-dist = [
    { name = "django", specifier = "==5.1.9" },
    { name = "django-filter", specifier = "==25.1" },
    { name = "django-tenant-users", specifier = "==2.1.1" },
    { name = "django-tenants", specifier = "==3.7.0" },
    { name = "djangorestframework", specifier = "==3.16.0" },
    { name = "markdown", specifier = "==3.8" },
    { name = "psycopg2-binary", specifier = "==2.9.10" },
    { name = "python-dotenv", specifier = ">=1.2.1" },
    { name = "whitenoise", specifier = ">=6.11.0" },
]

[[package]]
name = "django-tenant-users"
version = "2.1.1"
source = { registry = "https://pypi.org/simple" }
dependencies = [
    { name = "django" },
    { name = "django-tenants" },
]
sdist = { url = "https://files.pythonhosted.org/packages/be/ad/e002f3c62efbe6ca65258a34df625425626b803359bcfb36d4d77dff6a41/django_tenant_users-2.1.1.tar.gz", hash = "sha256:84607b1b64eaab8989098a50da372790467c76f9c9a584e4a0bf617db9452141", size = 14653, upload-time = "2025-04-08T22:44:51.782Z" }
wheels = [
    { url = "https://files.pythonhosted.org/packages/f8/a5/4bb6d1e69fa4ca6e492d72eeca45e72739d7daf36828e67a919cfa721859/django_tenant_users-2.1.1-py3-none-any.whl", hash = "sha256:63bbdbbdac9e39f018b8306c242565ac81bde0cd5390d50a65e5cb7bc2d28fb7", size = 18604, upload-time = "2025-04-08T22:44:50.462Z" },
]

[[package]]
name = "django-tenants"
version = "3.7.0"
source = { registry = "https://pypi.org/simple" }
dependencies = [
    { name = "django" },
]
sdist = { url = "https://files.pythonhosted.org/packages/92/b2/08605612f6fa761fe7c1625d730a0144a3926749788cc47fd40037559b30/django-tenants-3.7.0.tar.gz", hash = "sha256:3836a2bae2c88504889a3226525930dfac8d3621f577cefdfde03db8115e88ac", size = 118740, upload-time = "2024-08-27T13:30:43.738Z" }

[[package]]
name = "djangorestframework"
version = "3.16.0"
source = { registry = "https://pypi.org/simple" }
dependencies = [
    { name = "django" },
]
sdist = { url = "https://files.pythonhosted.org/packages/7d/97/112c5a72e6917949b6d8a18ad6c6e72c46da4290c8f36ee5f1c1dcbc9901/djangorestframework-3.16.0.tar.gz", hash = "sha256:f022ff46613584de994c0c6a4aebbace5fd700555fbe9d33b865ebf173eba6c9", size = 1068408, upload-time = "2025-03-28T14:18:42.065Z" }
wheels = [
    { url = "https://files.pythonhosted.org/packages/eb/3e/2448e93f4f87fc9a9f35e73e3c05669e0edd0c2526834686e949bb1fd303/djangorestframework-3.16.0-py3-none-any.whl", hash = "sha256:bea7e9f6b96a8584c5224bfb2e4348dfb3f8b5e34edbecb98da258e892089361", size = 1067305, upload-time = "2025-03-28T14:18:39.489Z" },
]

[[package]]
name = "markdown"
version = "3.8"
source = { registry = "https://pypi.org/simple" }
sdist = { url = "https://files.pythonhosted.org/packages/2f/15/222b423b0b88689c266d9eac4e61396fe2cc53464459d6a37618ac863b24/markdown-3.8.tar.gz", hash = "sha256:7df81e63f0df5c4b24b7d156eb81e4690595239b7d70937d0409f1b0de319c6f", size = 360906, upload-time = "2025-04-11T14:42:50.928Z" }
wheels = [
    { url = "https://files.pythonhosted.org/packages/51/3f/afe76f8e2246ffbc867440cbcf90525264df0e658f8a5ca1f872b3f6192a/markdown-3.8-py3-none-any.whl", hash = "sha256:794a929b79c5af141ef5ab0f2f642d0f7b1872981250230e72682346f7cc90dc", size = 106210, upload-time = "2025-04-11T14:42:49.178Z" },
]

[[package]]
name = "psycopg2-binary"
version = "2.9.10"
source = { registry = "https://pypi.org/simple" }
sdist = { url = "https://files.pythonhosted.org/packages/cb/0e/bdc8274dc0585090b4e3432267d7be4dfbfd8971c0fa59167c711105a6bf/psycopg2-binary-2.9.10.tar.gz", hash = "sha256:4b3df0e6990aa98acda57d983942eff13d824135fe2250e6522edaa782a06de2", size = 385764, upload-time = "2024-10-16T11:24:58.126Z" }
wheels = [
    { url = "https://files.pythonhosted.org/packages/3e/30/d41d3ba765609c0763505d565c4d12d8f3c79793f0d0f044ff5a28bf395b/psycopg2_binary-2.9.10-cp313-cp313-macosx_12_0_x86_64.whl", hash = "sha256:26540d4a9a4e2b096f1ff9cce51253d0504dca5a85872c7f7be23be5a53eb18d", size = 3044699, upload-time = "2024-10-16T11:21:42.841Z" },
    { url = "https://files.pythonhosted.org/packages/35/44/257ddadec7ef04536ba71af6bc6a75ec05c5343004a7ec93006bee66c0bc/psycopg2_binary-2.9.10-cp313-cp313-macosx_14_0_arm64.whl", hash = "sha256:e217ce4d37667df0bc1c397fdcd8de5e81018ef305aed9415c3b093faaeb10fb", size = 3275245, upload-time = "2024-10-16T11:21:51.989Z" },
    { url = "https://files.pythonhosted.org/packages/1b/11/48ea1cd11de67f9efd7262085588790a95d9dfcd9b8a687d46caf7305c1a/psycopg2_binary-2.9.10-cp313-cp313-manylinux_2_17_aarch64.manylinux2014_aarch64.whl", hash = "sha256:245159e7ab20a71d989da00f280ca57da7641fa2cdcf71749c193cea540a74f7", size = 2851631, upload-time = "2024-10-16T11:21:57.584Z" },
    { url = "https://files.pythonhosted.org/packages/62/e0/62ce5ee650e6c86719d621a761fe4bc846ab9eff8c1f12b1ed5741bf1c9b/psycopg2_binary-2.9.10-cp313-cp313-manylinux_2_17_i686.manylinux2014_i686.whl", hash = "sha256:3c4ded1a24b20021ebe677b7b08ad10bf09aac197d6943bfe6fec70ac4e4690d", size = 3082140, upload-time = "2024-10-16T11:22:02.005Z" },
    { url = "https://files.pythonhosted.org/packages/27/ce/63f946c098611f7be234c0dd7cb1ad68b0b5744d34f68062bb3c5aa510c8/psycopg2_binary-2.9.10-cp313-cp313-manylinux_2_17_ppc64le.manylinux2014_ppc64le.whl", hash = "sha256:3abb691ff9e57d4a93355f60d4f4c1dd2d68326c968e7db17ea96df3c023ef73", size = 3264762, upload-time = "2024-10-16T11:22:06.412Z" },
    { url = "https://files.pythonhosted.org/packages/43/25/c603cd81402e69edf7daa59b1602bd41eb9859e2824b8c0855d748366ac9/psycopg2_binary-2.9.10-cp313-cp313-manylinux_2_17_x86_64.manylinux2014_x86_64.whl", hash = "sha256:8608c078134f0b3cbd9f89b34bd60a943b23fd33cc5f065e8d5f840061bd0673", size = 3020967, upload-time = "2024-10-16T11:22:11.583Z" },
    { url = "https://files.pythonhosted.org/packages/5f/d6/8708d8c6fca531057fa170cdde8df870e8b6a9b136e82b361c65e42b841e/psycopg2_binary-2.9.10-cp313-cp313-musllinux_1_2_aarch64.whl", hash = "sha256:230eeae2d71594103cd5b93fd29d1ace6420d0b86f4778739cb1a5a32f607d1f", size = 2872326, upload-time = "2024-10-16T11:22:16.406Z" },
    { url = "https://files.pythonhosted.org/packages/ce/ac/5b1ea50fc08a9df82de7e1771537557f07c2632231bbab652c7e22597908/psycopg2_binary-2.9.10-cp313-cp313-musllinux_1_2_i686.whl", hash = "sha256:bb89f0a835bcfc1d42ccd5f41f04870c1b936d8507c6df12b7737febc40f0909", size = 2822712, upload-time = "2024-10-16T11:22:21.366Z" },
    { url = "https://files.pythonhosted.org/packages/c4/fc/504d4503b2abc4570fac3ca56eb8fed5e437bf9c9ef13f36b6621db8ef00/psycopg2_binary-2.9.10-cp313-cp313-musllinux_1_2_ppc64le.whl", hash = "sha256:f0c2d907a1e102526dd2986df638343388b94c33860ff3bbe1384130828714b1", size = 2920155, upload-time = "2024-10-16T11:22:25.684Z" },
    { url = "https://files.pythonhosted.org/packages/b2/d1/323581e9273ad2c0dbd1902f3fb50c441da86e894b6e25a73c3fda32c57e/psycopg2_binary-2.9.10-cp313-cp313-musllinux_1_2_x86_64.whl", hash = "sha256:f8157bed2f51db683f31306aa497311b560f2265998122abe1dce6428bd86567", size = 2959356, upload-time = "2024-10-16T11:22:30.562Z" },
    { url = "https://files.pythonhosted.org/packages/08/50/d13ea0a054189ae1bc21af1d85b6f8bb9bbc5572991055d70ad9006fe2d6/psycopg2_binary-2.9.10-cp313-cp313-win_amd64.whl", hash = "sha256:27422aa5f11fbcd9b18da48373eb67081243662f9b46e6fd07c3eb46e4535142", size = 2569224, upload-time = "2025-01-04T20:09:19.234Z" },
]

[[package]]
name = "python-dotenv"
version = "1.2.1"
source = { registry = "https://pypi.org/simple" }
sdist = { url = "https://files.pythonhosted.org/packages/f0/26/19cadc79a718c5edbec86fd4919a6b6d3f681039a2f6d66d14be94e75fb9/python_dotenv-1.2.1.tar.gz", hash = "sha256:42667e897e16ab0d66954af0e60a9caa94f0fd4ecf3aaf6d2d260eec1aa36ad6", size = 44221, upload-time = "2025-10-26T15:12:10.434Z" }
wheels = [
    { url = "https://files.pythonhosted.org/packages/14/1b/a298b06749107c305e1fe0f814c6c74aea7b2f1e10989cb30f544a1b3253/python_dotenv-1.2.1-py3-none-any.whl", hash = "sha256:b81ee9561e9ca4004139c6cbba3a238c32b03e4894671e181b671e8cb8425d61", size = 21230, upload-time = "2025-10-26T15:12:09.109Z" },
]

[[package]]
name = "sqlparse"
version = "0.5.5"
source = { registry = "https://pypi.org/simple" }
sdist = { url = "https://files.pythonhosted.org/packages/90/76/437d71068094df0726366574cf3432a4ed754217b436eb7429415cf2d480/sqlparse-0.5.5.tar.gz", hash = "sha256:e20d4a9b0b8585fdf63b10d30066c7c94c5d7a7ec47c889a2d83a3caa93ff28e", size = 120815, upload-time = "2025-12-19T07:17:45.073Z" }
wheels = [
    { url = "https://files.pythonhosted.org/packages/49/4b/359f28a903c13438ef59ebeee215fb25da53066db67b305c125f1c6d2a25/sqlparse-0.5.5-py3-none-any.whl", hash = "sha256:12a08b3bf3eec877c519589833aed092e2444e68240a3577e8e26148acc7b1ba", size = 46138, upload-time = "2025-12-19T07:17:46.573Z" },
]

[[package]]
name = "tzdata"
version = "2025.3"
source = { registry = "https://pypi.org/simple" }
sdist = { url = "https://files.pythonhosted.org/packages/5e/a7/c202b344c5ca7daf398f3b8a477eeb205cf3b6f32e7ec3a6bac0629ca975/tzdata-2025.3.tar.gz", hash = "sha256:de39c2ca5dc7b0344f2eba86f49d614019d29f060fc4ebc8a417896a620b56a7", size = 196772, upload-time = "2025-12-13T17:45:35.667Z" }
wheels = [
    { url = "https://files.pythonhosted.org/packages/c7/b0/003792df09decd6849a5e39c28b513c06e84436a54440380862b5aeff25d/tzdata-2025.3-py2.py3-none-any.whl", hash = "sha256:06a47e5700f3081aab02b2e513160914ff0694bce9947d6b76ebd6bf57cfc5d1", size = 348521, upload-time = "2025-12-13T17:45:33.889Z" },
]

[[package]]
name = "whitenoise"
version = "6.11.0"
source = { registry = "https://pypi.org/simple" }
sdist = { url = "https://files.pythonhosted.org/packages/15/95/8c81ec6b6ebcbf8aca2de7603070ccf37dbb873b03f20708e0f7c1664bc6/whitenoise-6.11.0.tar.gz", hash = "sha256:0f5bfce6061ae6611cd9396a8231e088722e4fc67bc13a111be74c738d99375f", size = 26432, upload-time = "2025-09-18T09:16:10.995Z" }
wheels = [
    { url = "https://files.pythonhosted.org/packages/6c/e9/4366332f9295fe0647d7d3251ce18f5615fbcb12d02c79a26f8dba9221b3/whitenoise-6.11.0-py3-none-any.whl", hash = "sha256:b2aeb45950597236f53b5342b3121c5de69c8da0109362aee506ce88e022d258", size = 20197, upload-time = "2025-09-18T09:16:09.754Z" },
]
